
Microsoft Visual Studio Solution File, Format Version 12.00
# Visual Studio 15
VisualStudioVersion = 15.0.27813.1
MinimumVisualStudioVersion = 10.0.40219.1
Project("{FAE04EC0-301F-11D3-BF4B-00C04F79EFBC}") = "todo", "src\todo.csproj", "{32FF143F-51B5-46F1-9D1F-038F12947B1C}"
EndProject
Project("{FAE04EC0-301F-11D3-BF4B-00C04F79EFBC}") = "todoTests", "todoTests\todoTests.csproj", "{F70CA041-8D14-47DF-8D65-287848E71605}"
EndProject
Global
	GlobalSection(SolutionConfigurationPlatforms) = preSolution
		Debug|Any CPU = Debug|Any CPU
		Release|Any CPU = Release|Any CPU
	EndGlobalSection
	GlobalSection(ProjectConfigurationPlatforms) = postSolution
		{32FF143F-51B5-46F1-9D1F-038F12947B1C}.Debug|Any CPU.ActiveCfg = Debug|Any CPU
		{32FF143F-51B5-46F1-9D1F-038F12947B1C}.Debug|Any CPU.Build.0 = Debug|Any CPU
		{32FF143F-51B5-46F1-9D1F-038F12947B1C}.Release|Any CPU.ActiveCfg = Release|Any CPU
		{32FF143F-51B5-46F1-9D1F-038F12947B1C}.Release|Any CPU.Build.0 = Release|Any CPU
		{F70CA041-8D14-47DF-8D65-287848E71605}.Debug|Any CPU.ActiveCfg = Debug|Any CPU
		{F70CA041-8D14-47DF-8D65-287848E71605}.Debug|Any CPU.Build.0 = Debug|Any CPU
		{F70CA041-8D14-47DF-8D65-287848E71605}.Release|Any CPU.ActiveCfg = Release|Any CPU
		{F70CA041-8D14-47DF-8D65-287848E71605}.Release|Any CPU.Build.0 = Release|Any CPU
	EndGlobalSection
	GlobalSection(SolutionProperties) = preSolution
		HideSolutionNode = FALSE
	EndGlobalSection
	GlobalSection(ExtensibilityGlobals) = postSolution
		SolutionGuid = {78592C1B-C83C-4BD1-A92F-881F32D831DD}
	EndGlobalSection
EndGlobal
